Microsoft Visual Studio Solution File, Format Version 12.00
# Visual Studio Version 17
VisualStudioVersion = 17.8.34112.27
MinimumVisualStudioVersion = 16.0.0.0
Project("{9A19103F-16F7-4668-BE54-9A1E7A4F7556}") = "Checkers", "Checkers\Checkers.csproj", "{15839854-5C9B-4881-B91D-058A508BF516}"
EndProject
Project("{9A19103F-16F7-4668-BE54-9A1E7A4F7556}") = "Checkers.Client", "Checkers.Client\Checkers.Client.csproj", "{E100EF53-9F56-4E37-8C46-827DA4508106}"
EndProject
Project("{2150E333-8FDC-42A3-9474-1A3956D46DE8}") = "Solution Items", "Solution Items", "{5D031B21-1427-4508-AD25-4F45AF86CC2C}"
	ProjectSection(SolutionItems) = preProject
		.editorconfig = .editorconfig
		global.json = global.json
	EndProjectSection
EndProject
Global
	GlobalSection(SolutionConfigurationPlatforms) = preSolution
		Debug|Any CPU = Debug|Any CPU
		Debug|x64 = Debug|x64
		Debug|x86 = Debug|x86
		Release|Any CPU = Release|Any CPU
		Release|x64 = Release|x64
		Release|x86 = Release|x86
	EndGlobalSection
	GlobalSection(ProjectConfigurationPlatforms) = postSolution
		{15839854-5C9B-4881-B91D-058A508BF516}.Debug|Any CPU.ActiveCfg = Debug|Any CPU
		{15839854-5C9B-4881-B91D-058A508BF516}.Debug|Any CPU.Build.0 = Debug|Any CPU
		{15839854-5C9B-4881-B91D-058A508BF516}.Debug|x64.ActiveCfg = Debug|Any CPU
		{15839854-5C9B-4881-B91D-058A508BF516}.Debug|x64.Build.0 = Debug|Any CPU
		{15839854-5C9B-4881-B91D-058A508BF516}.Debug|x86.ActiveCfg = Debug|Any CPU
		{15839854-5C9B-4881-B91D-058A508BF516}.Debug|x86.Build.0 = Debug|Any CPU
		{15839854-5C9B-4881-B91D-058A508BF516}.Release|Any CPU.ActiveCfg = Release|Any CPU
		{15839854-5C9B-4881-B91D-058A508BF516}.Release|Any CPU.Build.0 = Release|Any CPU
		{15839854-5C9B-4881-B91D-058A508BF516}.Release|x64.ActiveCfg = Release|Any CPU
		{15839854-5C9B-4881-B91D-058A508BF516}.Release|x64.Build.0 = Release|Any CPU
		{15839854-5C9B-4881-B91D-058A508BF516}.Release|x86.ActiveCfg = Release|Any CPU
		{15839854-5C9B-4881-B91D-058A508BF516}.Release|x86.Build.0 = Release|Any CPU
		{E100EF53-9F56-4E37-8C46-827DA4508106}.Debug|Any CPU.ActiveCfg = Debug|Any CPU
		{E100EF53-9F56-4E37-8C46-827DA4508106}.Debug|Any CPU.Build.0 = Debug|Any CPU
		{E100EF53-9F56-4E37-8C46-827DA4508106}.Debug|x64.ActiveCfg = Debug|Any CPU
		{E100EF53-9F56-4E37-8C46-827DA4508106}.Debug|x64.Build.0 = Debug|Any CPU
		{E100EF53-9F56-4E37-8C46-827DA4508106}.Debug|x86.ActiveCfg = Debug|Any CPU
		{E100EF53-9F56-4E37-8C46-827DA4508106}.Debug|x86.Build.0 = Debug|Any CPU
		{E100EF53-9F56-4E37-8C46-827DA4508106}.Release|Any CPU.ActiveCfg = Release|Any CPU
		{E100EF53-9F56-4E37-8C46-827DA4508106}.Release|Any CPU.Build.0 = Release|Any CPU
		{E100EF53-9F56-4E37-8C46-827DA4508106}.Release|x64.ActiveCfg = Release|Any CPU
		{E100EF53-9F56-4E37-8C46-827DA4508106}.Release|x64.Build.0 = Release|Any CPU
		{E100EF53-9F56-4E37-8C46-827DA4508106}.Release|x86.ActiveCfg = Release|Any CPU
		{E100EF53-9F56-4E37-8C46-827DA4508106}.Release|x86.Build.0 = Release|Any CPU
	EndGlobalSection
	GlobalSection(SolutionProperties) = preSolution
		HideSolutionNode = FALSE
	EndGlobalSection
	GlobalSection(ExtensibilityGlobals) = postSolution
		SolutionGuid = {308AFE51-459F-42D9-BB55-04E357E3AF47}
	EndGlobalSection
EndGlobal
